
Microsoft Visual Studio Solution File, Format Version 12.00
# Visual Studio Version 16
VisualStudioVersion = 16.0.28803.452
MinimumVisualStudioVersion = 10.0.40219.1
Project("{FAE04EC0-301F-11D3-BF4B-00C04F79EFBC}") = "CoreAlarmWebTool", "WebApplication2\CoreAlarmWebTool.csproj", "{B6EAD14F-84E1-4DAA-ADEA-5EB77EE49ADC}"
EndProject
Global
	GlobalSection(SolutionConfigurationPlatforms) = preSolution
		Debug|Any CPU = Debug|Any CPU
		Release|Any CPU = Release|Any CPU
	EndGlobalSection
	GlobalSection(ProjectConfigurationPlatforms) = postSolution
		{B6EAD14F-84E1-4DAA-ADEA-5EB77EE49ADC}.Debug|Any CPU.ActiveCfg = Debug|Any CPU
		{B6EAD14F-84E1-4DAA-ADEA-5EB77EE49ADC}.Debug|Any CPU.Build.0 = Debug|Any CPU
		{B6EAD14F-84E1-4DAA-ADEA-5EB77EE49ADC}.Release|Any CPU.ActiveCfg = Release|Any CPU
		{B6EAD14F-84E1-4DAA-ADEA-5EB77EE49ADC}.Release|Any CPU.Build.0 = Release|Any CPU
	EndGlobalSection
	GlobalSection(SolutionProperties) = preSolution
		HideSolutionNode = FALSE
	EndGlobalSection
	GlobalSection(ExtensibilityGlobals) = postSolution
		SolutionGuid = {7B10702F-3D28-43C3-A131-AFC4E1A3590C}
	EndGlobalSection
EndGlobal
